
Microsoft Visual Studio Solution File, Format Version 12.00
# Visual Studio 15
VisualStudioVersion = 15.0.28010.2003
MinimumVisualStudioVersion = 10.0.40219.1
Project("{FAE04EC0-301F-11D3-BF4B-00C04F79EFBC}") = "ApiRest", "ApiRest\ApiRest.csproj", "{56B5E4AF-3B6A-4DFD-9B32-83C806EC5EF5}"
EndProject
Global
	GlobalSection(SolutionConfigurationPlatforms) = preSolution
		Debug|Any CPU = Debug|Any CPU
		Release|Any CPU = Release|Any CPU
	EndGlobalSection
	GlobalSection(ProjectConfigurationPlatforms) = postSolution
		{56B5E4AF-3B6A-4DFD-9B32-83C806EC5EF5}.Debug|Any CPU.ActiveCfg = Debug|Any CPU
		{56B5E4AF-3B6A-4DFD-9B32-83C806EC5EF5}.Debug|Any CPU.Build.0 = Debug|Any CPU
		{56B5E4AF-3B6A-4DFD-9B32-83C806EC5EF5}.Release|Any CPU.ActiveCfg = Release|Any CPU
		{56B5E4AF-3B6A-4DFD-9B32-83C806EC5EF5}.Release|Any CPU.Build.0 = Release|Any CPU
	EndGlobalSection
	GlobalSection(SolutionProperties) = preSolution
		HideSolutionNode = FALSE
	EndGlobalSection
	GlobalSection(ExtensibilityGlobals) = postSolution
		SolutionGuid = {E1CEE16D-8B78-4A73-81CD-EBD95E86BD3D}
	EndGlobalSection
EndGlobal
